// !$*UTF8*$!
{
	archiveVersion = 1;
	classes = {
	};
	objectVersion = 48;
	objects = {

/* Begin PBXBuildFile section */
		112858731FC2C391002B5827 /* BLEListViewController.swift in Sources */ = {isa = PBXBuildFile; fileRef = 112858721FC2C391002B5827 /* BLEListViewController.swift */; };
		11357B8C1F8357C20047FBCC /* AppDelegate.swift in Sources */ = {isa = PBXBuildFile; fileRef = 11357B8B1F8357C20047FBCC /* AppDelegate.swift */; };
		11357B8E1F8357C20047FBCC /* ViewController.swift in Sources */ = {isa = PBXBuildFile; fileRef = 11357B8D1F8357C20047FBCC /* ViewController.swift */; };
		11357B931F8357C20047FBCC /* Assets.xcassets in Resources */ = {isa = PBXBuildFile; fileRef = 11357B921F8357C20047FBCC /* Assets.xcassets */; };
		11357B961F8357C20047FBCC /* LaunchScreen.storyboard in Resources */ = {isa = PBXBuildFile; fileRef = 11357B941F8357C20047FBCC /* LaunchScreen.storyboard */; };
		11357BA11F8357C20047FBCC /* ScreamingRacing_iOSTests.swift in Sources */ = {isa = PBXBuildFile; fileRef = 11357BA01F8357C20047FBCC /* ScreamingRacing_iOSTests.swift */; };
		113AC57D1FC2C8CC0011B5B1 /* DropDownTransitionManager.swift in Sources */ = {isa = PBXBuildFile; fileRef = 113AC57C1FC2C8CC0011B5B1 /* DropDownTransitionManager.swift */; };
		113AC57F1FC2F8B10011B5B1 /* DimmingLayerPresentationController.swift in Sources */ = {isa = PBXBuildFile; fileRef = 113AC57E1FC2F8B10011B5B1 /* DimmingLayerPresentationController.swift */; };
		119076871FB1DCC200DE9919 /* ControlViewController.swift in Sources */ = {isa = PBXBuildFile; fileRef = 119076861FB1DCC200DE9919 /* ControlViewController.swift */; };
		1190768B1FB1DE0D00DE9919 /* AppColor.swift in Sources */ = {isa = PBXBuildFile; fileRef = 1190768A1FB1DE0D00DE9919 /* AppColor.swift */; };
		1190768D1FB1E1CD00DE9919 /* AppMediator.swift in Sources */ = {isa = PBXBuildFile; fileRef = 1190768C1FB1E1CD00DE9919 /* AppMediator.swift */; };
		1190768F1FB1E5AB00DE9919 /* SpeedBarView.swift in Sources */ = {isa = PBXBuildFile; fileRef = 1190768E1FB1E5AB00DE9919 /* SpeedBarView.swift */; };
		11BAD5CB1FB1CEC9007AB5C2 /* BluetoothService.swift in Sources */ = {isa = PBXBuildFile; fileRef = 11BAD5CA1FB1CEC8007AB5C2 /* BluetoothService.swift */; };
		11D5A5681FB6F7EC009155D2 /* SoundGyroBallView.swift in Sources */ = {isa = PBXBuildFile; fileRef = 11D5A5671FB6F7EC009155D2 /* SoundGyroBallView.swift */; };
		11D5A56A1FB71D06009155D2 /* GradientLayer.swift in Sources */ = {isa = PBXBuildFile; fileRef = 11D5A5691FB71D06009155D2 /* GradientLayer.swift */; };
		2B1E9EB7EB35D23071290093 /* Pods_ScreamingRacing_iOS.framework in Frameworks */ = {isa = PBXBuildFile; fileRef = 3187CD3B1EB0E4423A24160F /* Pods_ScreamingRacing_iOS.framework */; };
		F02B7A02C95CE06044F408BC /* Pods_ScreamingRacing_iOSTests.framework in Frameworks */ = {isa = PBXBuildFile; fileRef = 2B4B43FC72E53702DA4640AD /* Pods_ScreamingRacing_iOSTests.framework */; };
/* End PBXBuildFile section */

/* Begin PBXContainerItemProxy section */
		11357B9D1F8357C20047FBCC /* PBXContainerItemProxy */ = {
			isa = PBXContainerItemProxy;
			containerPortal = 11357B801F8357C20047FBCC /* Project object */;
			proxyType = 1;
			remoteGlobalIDString = 11357B871F8357C20047FBCC;
			remoteInfo = ScreamingRacing_iOS;
		};
/* End PBXContainerItemProxy section */

/* Begin PBXFileReference section */
		088598A56608AD1A5A7A6D71 /* Pods-ScreamingRacing_iOSTests.debug.xcconfig */ = {isa = PBXFileReference; includeInIndex = 1; lastKnownFileType = text.xcconfig; name = "Pods-ScreamingRacing_iOSTests.debug.xcconfig"; path = "Pods/Target Support Files/Pods-ScreamingRacing_iOSTests/Pods-ScreamingRacing_iOSTests.debug.xcconfig"; sourceTree = "<group>"; };
		112858721FC2C391002B5827 /* BLEListViewController.swift */ = {isa = PBXFileReference; lastKnownFileType = sourcecode.swift; path = BLEListViewController.swift; sourceTree = "<group>"; };
		11357B881F8357C20047FBCC /* ScreamingRacing_iOS.app */ = {isa = PBXFileReference; explicitFileType = wrapper.application; includeInIndex = 0; path = ScreamingRacing_iOS.app; sourceTree = BUILT_PRODUCTS_DIR; };
		11357B8B1F8357C20047FBCC /* AppDelegate.swift */ = {isa = PBXFileReference; lastKnownFileType = sourcecode.swift; path = AppDelegate.swift; sourceTree = "<group>"; };
		11357B8D1F8357C20047FBCC /* ViewController.swift */ = {isa = PBXFileReference; lastKnownFileType = sourcecode.swift; path = ViewController.swift; sourceTree = "<group>"; };
		11357B921F8357C20047FBCC /* Assets.xcassets */ = {isa = PBXFileReference; lastKnownFileType = folder.assetcatalog; path = Assets.xcassets; sourceTree = "<group>"; };
		11357B951F8357C20047FBCC /* Base */ = {isa = PBXFileReference; lastKnownFileType = file.storyboard; name = Base; path = Base.lproj/LaunchScreen.storyboard; sourceTree = "<group>"; };
		11357B971F8357C20047FBCC /* Info.plist */ = {isa = PBXFileReference; lastKnownFileType = text.plist.xml; path = Info.plist; sourceTree = "<group>"; };
		11357B9C1F8357C20047FBCC /* ScreamingRacing_iOSTests.xctest */ = {isa = PBXFileReference; explicitFileType = wrapper.cfbundle; includeInIndex = 0; path = ScreamingRacing_iOSTests.xctest; sourceTree = BUILT_PRODUCTS_DIR; };
		11357BA01F8357C20047FBCC /* ScreamingRacing_iOSTests.swift */ = {isa = PBXFileReference; lastKnownFileType = sourcecode.swift; path = ScreamingRacing_iOSTests.swift; sourceTree = "<group>"; };
		11357BA21F8357C20047FBCC /* Info.plist */ = {isa = PBXFileReference; lastKnownFileType = text.plist.xml; path = Info.plist; sourceTree = "<group>"; };
		113AC57C1FC2C8CC0011B5B1 /* DropDownTransitionManager.swift */ = {isa = PBXFileReference; lastKnownFileType = sourcecode.swift; path = DropDownTransitionManager.swift; sourceTree = "<group>"; };
		113AC57E1FC2F8B10011B5B1 /* DimmingLayerPresentationController.swift */ = {isa = PBXFileReference; lastKnownFileType = sourcecode.swift; path = DimmingLayerPresentationController.swift; sourceTree = "<group>"; };
		119076861FB1DCC200DE9919 /* ControlViewController.swift */ = {isa = PBXFileReference; lastKnownFileType = sourcecode.swift; path = ControlViewController.swift; sourceTree = "<group>"; };
		1190768A1FB1DE0D00DE9919 /* AppColor.swift */ = {isa = PBXFileReference; lastKnownFileType = sourcecode.swift; path = AppColor.swift; sourceTree = "<group>"; };
		1190768C1FB1E1CD00DE9919 /* AppMediator.swift */ = {isa = PBXFileReference; lastKnownFileType = sourcecode.swift; path = AppMediator.swift; sourceTree = "<group>"; };
		1190768E1FB1E5AB00DE9919 /* SpeedBarView.swift */ = {isa = PBXFileReference; lastKnownFileType = sourcecode.swift; path = SpeedBarView.swift; sourceTree = "<group>"; };
		11BAD5CA1FB1CEC8007AB5C2 /* BluetoothService.swift */ = {isa = PBXFileReference; fileEncoding = 4; lastKnownFileType = sourcecode.swift; path = BluetoothService.swift; sourceTree = "<group>"; };
		11D5A5671FB6F7EC009155D2 /* SoundGyroBallView.swift */ = {isa = PBXFileReference; lastKnownFileType = sourcecode.swift; path = SoundGyroBallView.swift; sourceTree = "<group>"; };
		11D5A5691FB71D06009155D2 /* GradientLayer.swift */ = {isa = PBXFileReference; lastKnownFileType = sourcecode.swift; path = GradientLayer.swift; sourceTree = "<group>"; };
		22AF241DEB76AB3D8BACA974 /* Pods-ScreamingRacing_iOS.debug.xcconfig */ = {isa = PBXFileReference; includeInIndex = 1; lastKnownFileType = text.xcconfig; name = "Pods-ScreamingRacing_iOS.debug.xcconfig"; path = "Pods/Target Support Files/Pods-ScreamingRacing_iOS/Pods-ScreamingRacing_iOS.debug.xcconfig"; sourceTree = "<group>"; };
		2B4B43FC72E53702DA4640AD /* Pods_ScreamingRacing_iOSTests.framework */ = {isa = PBXFileReference; explicitFileType = wrapper.framework; includeInIndex = 0; path = Pods_ScreamingRacing_iOSTests.framework; sourceTree = BUILT_PRODUCTS_DIR; };
		3187CD3B1EB0E4423A24160F /* Pods_ScreamingRacing_iOS.framework */ = {isa = PBXFileReference; explicitFileType = wrapper.framework; includeInIndex = 0; path = Pods_ScreamingRacing_iOS.framework; sourceTree = BUILT_PRODUCTS_DIR; };
		61A74A5A10AC92CD06770EEF /* Pods-ScreamingRacing_iOS.release.xcconfig */ = {isa = PBXFileReference; includeInIndex = 1; lastKnownFileType = text.xcconfig; name = "Pods-ScreamingRacing_iOS.release.xcconfig"; path = "Pods/Target Support Files/Pods-ScreamingRacing_iOS/Pods-ScreamingRacing_iOS.release.xcconfig"; sourceTree = "<group>"; };
		9D85F45D409EAF795C85DBF8 /* Pods-ScreamingRacing_iOSTests.release.xcconfig */ = {isa = PBXFileReference; includeInIndex = 1; lastKnownFileType = text.xcconfig; name = "Pods-ScreamingRacing_iOSTests.release.xcconfig"; path = "Pods/Target Support Files/Pods-ScreamingRacing_iOSTests/Pods-ScreamingRacing_iOSTests.release.xcconfig"; sourceTree = "<group>"; };
/* End PBXFileReference section */

/* Begin PBXFrameworksBuildPhase section */
		11357B851F8357C20047FBCC /* Frameworks */ = {
			isa = PBXFrameworksBuildPhase;
			buildActionMask = 2147483647;
			files = (
				2B1E9EB7EB35D23071290093 /* Pods_ScreamingRacing_iOS.framework in Frameworks */,
			);
			runOnlyForDeploymentPostprocessing = 0;
		};
		11357B991F8357C20047FBCC /* Frameworks */ = {
			isa = PBXFrameworksBuildPhase;
			buildActionMask = 2147483647;
			files = (
				F02B7A02C95CE06044F408BC /* Pods_ScreamingRacing_iOSTests.framework in Frameworks */,
			);
			runOnlyForDeploymentPostprocessing = 0;
		};
/* End PBXFrameworksBuildPhase section */

/* Begin PBXGroup section */
		0F72711E689A4DF201B13EE3 /* Frameworks */ = {
			isa = PBXGroup;
			children = (
				3187CD3B1EB0E4423A24160F /* Pods_ScreamingRacing_iOS.framework */,
				2B4B43FC72E53702DA4640AD /* Pods_ScreamingRacing_iOSTests.framework */,
			);
			name = Frameworks;
			sourceTree = "<group>";
		};
		11357B7F1F8357C20047FBCC = {
			isa = PBXGroup;
			children = (
				11357B8A1F8357C20047FBCC /* ScreamingRacing_iOS */,
				11357B9F1F8357C20047FBCC /* ScreamingRacing_iOSTests */,
				11357B891F8357C20047FBCC /* Products */,
				CA9212FF177A2827D9CE46F5 /* Pods */,
				0F72711E689A4DF201B13EE3 /* Frameworks */,
			);
			sourceTree = "<group>";
		};
		11357B891F8357C20047FBCC /* Products */ = {
			isa = PBXGroup;
			children = (
				11357B881F8357C20047FBCC /* ScreamingRacing_iOS.app */,
				11357B9C1F8357C20047FBCC /* ScreamingRacing_iOSTests.xctest */,
			);
			name = Products;
			sourceTree = "<group>";
		};
		11357B8A1F8357C20047FBCC /* ScreamingRacing_iOS */ = {
			isa = PBXGroup;
			children = (
				113AC57B1FC2C88B0011B5B1 /* Transition */,
				119076891FB1DDFA00DE9919 /* Config */,
				119076881FB1DCD200DE9919 /* Views */,
				119076851FB1DC6500DE9919 /* Controllers */,
				11BAD5CC1FB1CED2007AB5C2 /* Service */,
				11357B8B1F8357C20047FBCC /* AppDelegate.swift */,
				11357B8D1F8357C20047FBCC /* ViewController.swift */,
				11357B921F8357C20047FBCC /* Assets.xcassets */,
				11357B941F8357C20047FBCC /* LaunchScreen.storyboard */,
				11357B971F8357C20047FBCC /* Info.plist */,
				1190768C1FB1E1CD00DE9919 /* AppMediator.swift */,
			);
			path = ScreamingRacing_iOS;
			sourceTree = "<group>";
		};
		11357B9F1F8357C20047FBCC /* ScreamingRacing_iOSTests */ = {
			isa = PBXGroup;
			children = (
				11357BA01F8357C20047FBCC /* ScreamingRacing_iOSTests.swift */,
				11357BA21F8357C20047FBCC /* Info.plist */,
			);
			path = ScreamingRacing_iOSTests;
			sourceTree = "<group>";
		};
		113AC57B1FC2C88B0011B5B1 /* Transition */ = {
			isa = PBXGroup;
			children = (
				113AC57C1FC2C8CC0011B5B1 /* DropDownTransitionManager.swift */,
				113AC57E1FC2F8B10011B5B1 /* DimmingLayerPresentationController.swift */,
			);
			path = Transition;
			sourceTree = "<group>";
		};
		119076851FB1DC6500DE9919 /* Controllers */ = {
			isa = PBXGroup;
			children = (
				119076861FB1DCC200DE9919 /* ControlViewController.swift */,
				112858721FC2C391002B5827 /* BLEListViewController.swift */,
			);
			path = Controllers;
			sourceTree = "<group>";
		};
		119076881FB1DCD200DE9919 /* Views */ = {
			isa = PBXGroup;
			children = (
				1190768E1FB1E5AB00DE9919 /* SpeedBarView.swift */,
				11D5A5671FB6F7EC009155D2 /* SoundGyroBallView.swift */,
				11D5A5691FB71D06009155D2 /* GradientLayer.swift */,
			);
			path = Views;
			sourceTree = "<group>";
		};
		119076891FB1DDFA00DE9919 /* Config */ = {
			isa = PBXGroup;
			children = (
				1190768A1FB1DE0D00DE9919 /* AppColor.swift */,
			);
			path = Config;
			sourceTree = "<group>";
		};
		11BAD5CC1FB1CED2007AB5C2 /* Service */ = {
			isa = PBXGroup;
			children = (
				11BAD5CA1FB1CEC8007AB5C2 /* BluetoothService.swift */,
			);
			path = Service;
			sourceTree = "<group>";
		};
		CA9212FF177A2827D9CE46F5 /* Pods */ = {
			isa = PBXGroup;
			children = (
				22AF241DEB76AB3D8BACA974 /* Pods-ScreamingRacing_iOS.debug.xcconfig */,
				61A74A5A10AC92CD06770EEF /* Pods-ScreamingRacing_iOS.release.xcconfig */,
				088598A56608AD1A5A7A6D71 /* Pods-ScreamingRacing_iOSTests.debug.xcconfig */,
				9D85F45D409EAF795C85DBF8 /* Pods-ScreamingRacing_iOSTests.release.xcconfig */,
			);
			name = Pods;
			sourceTree = "<group>";
		};
/* End PBXGroup section */

/* Begin PBXNativeTarget section */
		11357B871F8357C20047FBCC /* ScreamingRacing_iOS */ = {
			isa = PBXNativeTarget;
			buildConfigurationList = 11357BA51F8357C20047FBCC /* Build configuration list for PBXNativeTarget "ScreamingRacing_iOS" */;
			buildPhases = (
				ECED04B24758A75BA9E7AB25 /* [CP] Check Pods Manifest.lock */,
				11357B841F8357C20047FBCC /* Sources */,
				11357B851F8357C20047FBCC /* Frameworks */,
				11357B861F8357C20047FBCC /* Resources */,
				D56005494E774887C8B3C2E4 /* [CP] Embed Pods Frameworks */,
				41456F7AA7EE984A55466FF4 /* [CP] Copy Pods Resources */,
			);
			buildRules = (
			);
			dependencies = (
			);
			name = ScreamingRacing_iOS;
			productName = ScreamingRacing_iOS;
			productReference = 11357B881F8357C20047FBCC /* ScreamingRacing_iOS.app */;
			productType = "com.apple.product-type.application";
		};
		11357B9B1F8357C20047FBCC /* ScreamingRacing_iOSTests */ = {
			isa = PBXNativeTarget;
			buildConfigurationList = 11357BA81F8357C20047FBCC /* Build configuration list for PBXNativeTarget "ScreamingRacing_iOSTests" */;
			buildPhases = (
				2A95634B8B8127459AC8F1C3 /* [CP] Check Pods Manifest.lock */,
				11357B981F8357C20047FBCC /* Sources */,
				11357B991F8357C20047FBCC /* Frameworks */,
				11357B9A1F8357C20047FBCC /* Resources */,
				7E221C068B65E2C198FDFB6F /* [CP] Embed Pods Frameworks */,
				A0120CADA68B41365C51E64A /* [CP] Copy Pods Resources */,
			);
			buildRules = (
			);
			dependencies = (
				11357B9E1F8357C20047FBCC /* PBXTargetDependency */,
			);
			name = ScreamingRacing_iOSTests;
			productName = ScreamingRacing_iOSTests;
			productReference = 11357B9C1F8357C20047FBCC /* ScreamingRacing_iOSTests.xctest */;
			productType = "com.apple.product-type.bundle.unit-test";
		};
/* End PBXNativeTarget section */

/* Begin PBXProject section */
		11357B801F8357C20047FBCC /* Project object */ = {
			isa = PBXProject;
			attributes = {
				LastSwiftUpdateCheck = 0900;
				LastUpgradeCheck = 0900;
				ORGANIZATIONNAME = "ChangChao-Tang";
				TargetAttributes = {
					11357B871F8357C20047FBCC = {
						CreatedOnToolsVersion = 9.0;
						ProvisioningStyle = Automatic;
					};
					11357B9B1F8357C20047FBCC = {
						CreatedOnToolsVersion = 9.0;
						ProvisioningStyle = Automatic;
						TestTargetID = 11357B871F8357C20047FBCC;
					};
				};
			};
			buildConfigurationList = 11357B831F8357C20047FBCC /* Build configuration list for PBXProject "ScreamingRacing_iOS" */;
			compatibilityVersion = "Xcode 8.0";
			developmentRegion = en;
			hasScannedForEncodings = 0;
			knownRegions = (
				en,
				Base,
			);
			mainGroup = 11357B7F1F8357C20047FBCC;
			productRefGroup = 11357B891F8357C20047FBCC /* Products */;
			projectDirPath = "";
			projectRoot = "";
			targets = (
				11357B871F8357C20047FBCC /* ScreamingRacing_iOS */,
				11357B9B1F8357C20047FBCC /* ScreamingRacing_iOSTests */,
			);
		};
/* End PBXProject section */

/* Begin PBXResourcesBuildPhase section */
		11357B861F8357C20047FBCC /* Resources */ = {
			isa = PBXResourcesBuildPhase;
			buildActionMask = 2147483647;
			files = (
				11357B961F8357C20047FBCC /* LaunchScreen.storyboard in Resources */,
				11357B931F8357C20047FBCC /* Assets.xcassets in Resources */,
			);
			runOnlyForDeploymentPostprocessing = 0;
		};
		11357B9A1F8357C20047FBCC /* Resources */ = {
			isa = PBXResourcesBuildPhase;
			buildActionMask = 2147483647;
			files = (
			);
			runOnlyForDeploymentPostprocessing = 0;
		};
/* End PBXResourcesBuildPhase section */

/* Begin PBXShellScriptBuildPhase section */
		2A95634B8B8127459AC8F1C3 /* [CP] Check Pods Manifest.lock */ = {
			isa = PBXShellScriptBuildPhase;
			buildActionMask = 2147483647;
			files = (
			);
			inputPaths = (
				"${PODS_PODFILE_DIR_PATH}/Podfile.lock",
				"${PODS_ROOT}/Manifest.lock",
			);
			name = "[CP] Check Pods Manifest.lock";
			outputPaths = (
				"$(DERIVED_FILE_DIR)/Pods-ScreamingRacing_iOSTests-checkManifestLockResult.txt",
			);
			runOnlyForDeploymentPostprocessing = 0;
			shellPath = /bin/sh;
			shellScript = "diff \"${PODS_PODFILE_DIR_PATH}/Podfile.lock\" \"${PODS_ROOT}/Manifest.lock\" > /dev/null\nif [ $? != 0 ] ; then\n    # print error to STDERR\n    echo \"error: The sandbox is not in sync with the Podfile.lock. Run 'pod install' or update your CocoaPods installation.\" >&2\n    exit 1\nfi\n# This output is used by Xcode 'outputs' to avoid re-running this script phase.\necho \"SUCCESS\" > \"${SCRIPT_OUTPUT_FILE_0}\"\n";
			showEnvVarsInLog = 0;
		};
		41456F7AA7EE984A55466FF4 /* [CP] Copy Pods Resources */ = {
			isa = PBXShellScriptBuildPhase;
			buildActionMask = 2147483647;
			files = (
			);
			inputPaths = (
			);
			name = "[CP] Copy Pods Resources";
			outputPaths = (
			);
			runOnlyForDeploymentPostprocessing = 0;
			shellPath = /bin/sh;
			shellScript = "\"${SRCROOT}/Pods/Target Support Files/Pods-ScreamingRacing_iOS/Pods-ScreamingRacing_iOS-resources.sh\"\n";
			showEnvVarsInLog = 0;
		};
		7E221C068B65E2C198FDFB6F /* [CP] Embed Pods Frameworks */ = {
			isa = PBXShellScriptBuildPhase;
			buildActionMask = 2147483647;
			files = (
			);
			inputPaths = (
			);
			name = "[CP] Embed Pods Frameworks";
			outputPaths = (
			);
			runOnlyForDeploymentPostprocessing = 0;
			shellPath = /bin/sh;
			shellScript = "\"${SRCROOT}/Pods/Target Support Files/Pods-ScreamingRacing_iOSTests/Pods-ScreamingRacing_iOSTests-frameworks.sh\"\n";
			showEnvVarsInLog = 0;
		};
		A0120CADA68B41365C51E64A /* [CP] Copy Pods Resources */ = {
			isa = PBXShellScriptBuildPhase;
			buildActionMask = 2147483647;
			files = (
			);
			inputPaths = (
			);
			name = "[CP] Copy Pods Resources";
			outputPaths = (
			);
			runOnlyForDeploymentPostprocessing = 0;
			shellPath = /bin/sh;
			shellScript = "\"${SRCROOT}/Pods/Target Support Files/Pods-ScreamingRacing_iOSTests/Pods-ScreamingRacing_iOSTests-resources.sh\"\n";
			showEnvVarsInLog = 0;
		};
		D56005494E774887C8B3C2E4 /* [CP] Embed Pods Frameworks */ = {
			isa = PBXShellScriptBuildPhase;
			buildActionMask = 2147483647;
			files = (
			);
			inputPaths = (
				"${SRCROOT}/Pods/Target Support Files/Pods-ScreamingRacing_iOS/Pods-ScreamingRacing_iOS-frameworks.sh",
				"${BUILT_PRODUCTS_DIR}/AEConicalGradient/AEConicalGradient.framework",
				"${BUILT_PRODUCTS_DIR}/ChameleonFramework/ChameleonFramework.framework",
				"${BUILT_PRODUCTS_DIR}/PinLayout/PinLayout.framework",
				"${BUILT_PRODUCTS_DIR}/PromiseKit/PromiseKit.framework",
			);
			name = "[CP] Embed Pods Frameworks";
			outputPaths = (
				"${TARGET_BUILD_DIR}/${FRAMEWORKS_FOLDER_PATH}/AEConicalGradient.framework",
				"${TARGET_BUILD_DIR}/${FRAMEWORKS_FOLDER_PATH}/ChameleonFramework.framework",
				"${TARGET_BUILD_DIR}/${FRAMEWORKS_FOLDER_PATH}/PinLayout.framework",
				"${TARGET_BUILD_DIR}/${FRAMEWORKS_FOLDER_PATH}/PromiseKit.framework",
			);
			runOnlyForDeploymentPostprocessing = 0;
			shellPath = /bin/sh;
			shellScript = "\"${SRCROOT}/Pods/Target Support Files/Pods-ScreamingRacing_iOS/Pods-ScreamingRacing_iOS-frameworks.sh\"\n";
			showEnvVarsInLog = 0;
		};
		ECED04B24758A75BA9E7AB25 /* [CP] Check Pods Manifest.lock */ = {
			isa = PBXShellScriptBuildPhase;
			buildActionMask = 2147483647;
			files = (
			);
			inputPaths = (
				"${PODS_PODFILE_DIR_PATH}/Podfile.lock",
				"${PODS_ROOT}/Manifest.lock",
			);
			name = "[CP] Check Pods Manifest.lock";
			outputPaths = (
				"$(DERIVED_FILE_DIR)/Pods-ScreamingRacing_iOS-checkManifestLockResult.txt",
			);
			runOnlyForDeploymentPostprocessing = 0;
			shellPath = /bin/sh;
			shellScript = "diff \"${PODS_PODFILE_DIR_PATH}/Podfile.lock\" \"${PODS_ROOT}/Manifest.lock\" > /dev/null\nif [ $? != 0 ] ; then\n    # print error to STDERR\n    echo \"error: The sandbox is not in sync with the Podfile.lock. Run 'pod install' or update your CocoaPods installation.\" >&2\n    exit 1\nfi\n# This output is used by Xcode 'outputs' to avoid re-running this script phase.\necho \"SUCCESS\" > \"${SCRIPT_OUTPUT_FILE_0}\"\n";
			showEnvVarsInLog = 0;
		};
/* End PBXShellScriptBuildPhase section */

/* Begin PBXSourcesBuildPhase section */
		11357B841F8357C20047FBCC /* Sources */ = {
			isa = PBXSourcesBuildPhase;
			buildActionMask = 2147483647;
			files = (
				1190768D1FB1E1CD00DE9919 /* AppMediator.swift in Sources */,
				11357B8E1F8357C20047FBCC /* ViewController.swift in Sources */,
				11D5A56A1FB71D06009155D2 /* GradientLayer.swift in Sources */,
				11D5A5681FB6F7EC009155D2 /* SoundGyroBallView.swift in Sources */,
				1190768B1FB1DE0D00DE9919 /* AppColor.swift in Sources */,
				113AC57F1FC2F8B10011B5B1 /* DimmingLayerPresentationController.swift in Sources */,
				11BAD5CB1FB1CEC9007AB5C2 /* BluetoothService.swift in Sources */,
				119076871FB1DCC200DE9919 /* ControlViewController.swift in Sources */,
				113AC57D1FC2C8CC0011B5B1 /* DropDownTransitionManager.swift in Sources */,
				1190768F1FB1E5AB00DE9919 /* SpeedBarView.swift in Sources */,
				112858731FC2C391002B5827 /* BLEListViewController.swift in Sources */,
				11357B8C1F8357C20047FBCC /* AppDelegate.swift in Sources */,
			);
			runOnlyForDeploymentPostprocessing = 0;
		};
		11357B981F8357C20047FBCC /* Sources */ = {
			isa = PBXSourcesBuildPhase;
			buildActionMask = 2147483647;
			files = (
				11357BA11F8357C20047FBCC /* ScreamingRacing_iOSTests.swift in Sources */,
			);
			runOnlyForDeploymentPostprocessing = 0;
		};
/* End PBXSourcesBuildPhase section */

/* Begin PBXTargetDependency section */
		11357B9E1F8357C20047FBCC /* PBXTargetDependency */ = {
			isa = PBXTargetDependency;
			target = 11357B871F8357C20047FBCC /* ScreamingRacing_iOS */;
			targetProxy = 11357B9D1F8357C20047FBCC /* PBXContainerItemProxy */;
		};
/* End PBXTargetDependency section */

/* Begin PBXVariantGroup section */
		11357B941F8357C20047FBCC /* LaunchScreen.storyboard */ = {
			isa = PBXVariantGroup;
			children = (
				11357B951F8357C20047FBCC /* Base */,
			);
			name = LaunchScreen.storyboard;
			sourceTree = "<group>";
		};
/* End PBXVariantGroup section */

/* Begin XCBuildConfiguration section */
		11357BA31F8357C20047FBCC /* Debug */ = {
			isa = XCBuildConfiguration;
			buildSettings = {
				ALWAYS_SEARCH_USER_PATHS = NO;
				CLANG_ANALYZER_NONNULL = YES;
				CLANG_ANALYZER_NUMBER_OBJECT_CONVERSION = YES_AGGRESSIVE;
				CLANG_CXX_LANGUAGE_STANDARD = "gnu++14";
				CLANG_CXX_LIBRARY = "libc++";
				CLANG_ENABLE_MODULES = YES;
				CLANG_ENABLE_OBJC_ARC = YES;
				CLANG_WARN_BLOCK_CAPTURE_AUTORELEASING = YES;
				CLANG_WARN_BOOL_CONVERSION = YES;
				CLANG_WARN_COMMA = YES;
				CLANG_WARN_CONSTANT_CONVERSION = YES;
				CLANG_WARN_DIRECT_OBJC_ISA_USAGE = YES_ERROR;
				CLANG_WARN_DOCUMENTATION_COMMENTS = YES;
				CLANG_WARN_EMPTY_BODY = YES;
				CLANG_WARN_ENUM_CONVERSION = YES;
				CLANG_WARN_INFINITE_RECURSION = YES;
				CLANG_WARN_INT_CONVERSION = YES;
				CLANG_WARN_NON_LITERAL_NULL_CONVERSION = YES;
				CLANG_WARN_OBJC_LITERAL_CONVERSION = YES;
				CLANG_WARN_OBJC_ROOT_CLASS = YES_ERROR;
				CLANG_WARN_RANGE_LOOP_ANALYSIS = YES;
				CLANG_WARN_STRICT_PROTOTYPES = YES;
				CLANG_WARN_SUSPICIOUS_MOVE = YES;
				CLANG_WARN_UNGUARDED_AVAILABILITY = YES_AGGRESSIVE;
				CLANG_WARN_UNREACHABLE_CODE = YES;
				CLANG_WARN__DUPLICATE_METHOD_MATCH = YES;
				CODE_SIGN_IDENTITY = "iPhone Developer";
				COPY_PHASE_STRIP = NO;
				DEBUG_INFORMATION_FORMAT = dwarf;
				ENABLE_STRICT_OBJC_MSGSEND = YES;
				ENABLE_TESTABILITY = YES;
				GCC_C_LANGUAGE_STANDARD = gnu11;
				GCC_DYNAMIC_NO_PIC = NO;
				GCC_NO_COMMON_BLOCKS = YES;
				GCC_OPTIMIZATION_LEVEL = 0;
				GCC_PREPROCESSOR_DEFINITIONS = (
					"DEBUG=1",
					"$(inherited)",
				);
				GCC_WARN_64_TO_32_BIT_CONVERSION = YES;
				GCC_WARN_ABOUT_RETURN_TYPE = YES_ERROR;
				GCC_WARN_UNDECLARED_SELECTOR = YES;
				GCC_WARN_UNINITIALIZED_AUTOS = YES_AGGRESSIVE;
				GCC_WARN_UNUSED_FUNCTION = YES;
				GCC_WARN_UNUSED_VARIABLE = YES;
				IPHONEOS_DEPLOYMENT_TARGET = 11.0;
				MTL_ENABLE_DEBUG_INFO = YES;
				ONLY_ACTIVE_ARCH = YES;
				SDKROOT = iphoneos;
				SWIFT_ACTIVE_COMPILATION_CONDITIONS = DEBUG;
				SWIFT_OPTIMIZATION_LEVEL = "-Onone";
			};
			name = Debug;
		};
		11357BA41F8357C20047FBCC /* Release */ = {
			isa = XCBuildConfiguration;
			buildSettings = {
				ALWAYS_SEARCH_USER_PATHS = NO;
				CLANG_ANALYZER_NONNULL = YES;
				CLANG_ANALYZER_NUMBER_OBJECT_CONVERSION = YES_AGGRESSIVE;
				CLANG_CXX_LANGUAGE_STANDARD = "gnu++14";
				CLANG_CXX_LIBRARY = "libc++";
				CLANG_ENABLE_MODULES = YES;
				CLANG_ENABLE_OBJC_ARC = YES;
				CLANG_WARN_BLOCK_CAPTURE_AUTORELEASING = YES;
				CLANG_WARN_BOOL_CONVERSION = YES;
				CLANG_WARN_COMMA = YES;
				CLANG_WARN_CONSTANT_CONVERSION = YES;
				CLANG_WARN_DIRECT_OBJC_ISA_USAGE = YES_ERROR;
				CLANG_WARN_DOCUMENTATION_COMMENTS = YES;
				CLANG_WARN_EMPTY_BODY = YES;
				CLANG_WARN_ENUM_CONVERSION = YES;
				CLANG_WARN_INFINITE_RECURSION = YES;
				CLANG_WARN_INT_CONVERSION = YES;
				CLANG_WARN_NON_LITERAL_NULL_CONVERSION = YES;
				CLANG_WARN_OBJC_LITERAL_CONVERSION = YES;
				CLANG_WARN_OBJC_ROOT_CLASS = YES_ERROR;
				CLANG_WARN_RANGE_LOOP_ANALYSIS = YES;
				CLANG_WARN_STRICT_PROTOTYPES = YES;
				CLANG_WARN_SUSPICIOUS_MOVE = YES;
				CLANG_WARN_UNGUARDED_AVAILABILITY = YES_AGGRESSIVE;
				CLANG_WARN_UNREACHABLE_CODE = YES;
				CLANG_WARN__DUPLICATE_METHOD_MATCH = YES;
				CODE_SIGN_IDENTITY = "iPhone Developer";
				COPY_PHASE_STRIP = NO;
				DEBUG_INFORMATION_FORMAT = "dwarf-with-dsym";
				ENABLE_NS_ASSERTIONS = NO;
				ENABLE_STRICT_OBJC_MSGSEND = YES;
				GCC_C_LANGUAGE_STANDARD = gnu11;
				GCC_NO_COMMON_BLOCKS = YES;
				GCC_WARN_64_TO_32_BIT_CONVERSION = YES;
				GCC_WARN_ABOUT_RETURN_TYPE = YES_ERROR;
				GCC_WARN_UNDECLARED_SELECTOR = YES;
				GCC_WARN_UNINITIALIZED_AUTOS = YES_AGGRESSIVE;
				GCC_WARN_UNUSED_FUNCTION = YES;
				GCC_WARN_UNUSED_VARIABLE = YES;
				IPHONEOS_DEPLOYMENT_TARGET = 11.0;
				MTL_ENABLE_DEBUG_INFO = NO;
				SDKROOT = iphoneos;
				SWIFT_OPTIMIZATION_LEVEL = "-Owholemodule";
				VALIDATE_PRODUCT = YES;
			};
			name = Release;
		};
		11357BA61F8357C20047FBCC /* Debug */ = {
			isa = XCBuildConfiguration;
			baseConfigurationReference = 22AF241DEB76AB3D8BACA974 /* Pods-ScreamingRacing_iOS.debug.xcconfig */;
			buildSettings = {
				ASSETCATALOG_COMPILER_APPICON_NAME = AppIcon;
				CODE_SIGN_STYLE = Automatic;
				DEVELOPMENT_TEAM = NU3ZHCB55N;
				INFOPLIST_FILE = ScreamingRacing_iOS/Info.plist;
				IPHONEOS_DEPLOYMENT_TARGET = 10.3;
				LD_RUNPATH_SEARCH_PATHS = "$(inherited) @executable_path/Frameworks";
				PRODUCT_BUNDLE_IDENTIFIER = "com.chaotang-chang.ScreamingRacing-iOS";
				PRODUCT_NAME = "$(TARGET_NAME)";
				SWIFT_VERSION = 4.0;
				TARGETED_DEVICE_FAMILY = "1,2";
			};
			name = Debug;
		};
		11357BA71F8357C20047FBCC /* Release */ = {
			isa = XCBuildConfiguration;
			baseConfigurationReference = 61A74A5A10AC92CD06770EEF /* Pods-ScreamingRacing_iOS.release.xcconfig */;
			buildSettings = {
				ASSETCATALOG_COMPILER_APPICON_NAME = AppIcon;
				CODE_SIGN_STYLE = Automatic;
				DEVELOPMENT_TEAM = NU3ZHCB55N;
				INFOPLIST_FILE = ScreamingRacing_iOS/Info.plist;
				IPHONEOS_DEPLOYMENT_TARGET = 10.3;
				LD_RUNPATH_SEARCH_PATHS = "$(inherited) @executable_path/Frameworks";
				PRODUCT_BUNDLE_IDENTIFIER = "com.chaotang-chang.ScreamingRacing-iOS";
				PRODUCT_NAME = "$(TARGET_NAME)";
				SWIFT_VERSION = 4.0;
				TARGETED_DEVICE_FAMILY = "1,2";
			};
			name = Release;
		};
		11357BA91F8357C20047FBCC /* Debug */ = {
			isa = XCBuildConfiguration;
			baseConfigurationReference = 088598A56608AD1A5A7A6D71 /* Pods-ScreamingRacing_iOSTests.debug.xcconfig */;
			buildSettings = {
				ALWAYS_EMBED_SWIFT_STANDARD_LIBRARIES = YES;
				BUNDLE_LOADER = "$(TEST_HOST)";
				CODE_SIGN_STYLE = Automatic;
				DEVELOPMENT_TEAM = NU3ZHCB55N;
				INFOPLIST_FILE = ScreamingRacing_iOSTests/Info.plist;
				LD_RUNPATH_SEARCH_PATHS = "$(inherited) @executable_path/Frameworks @loader_path/Frameworks";
				PRODUCT_BUNDLE_IDENTIFIER = "com.chaotang-chang.ScreamingRacing-iOSTests";
				PRODUCT_NAME = "$(TARGET_NAME)";
				SWIFT_VERSION = 4.0;
				TARGETED_DEVICE_FAMILY = "1,2";
				TEST_HOST = "$(BUILT_PRODUCTS_DIR)/ScreamingRacing_iOS.app/ScreamingRacing_iOS";
			};
			name = Debug;
		};
		11357BAA1F8357C20047FBCC /* Release */ = {
			isa = XCBuildConfiguration;
			baseConfigurationReference = 9D85F45D409EAF795C85DBF8 /* Pods-ScreamingRacing_iOSTests.release.xcconfig */;
			buildSettings = {
				ALWAYS_EMBED_SWIFT_STANDARD_LIBRARIES = YES;
				BUNDLE_LOADER = "$(TEST_HOST)";
				CODE_SIGN_STYLE = Automatic;
				DEVELOPMENT_TEAM = NU3ZHCB55N;
				INFOPLIST_FILE = ScreamingRacing_iOSTests/Info.plist;
				LD_RUNPATH_SEARCH_PATHS = "$(inherited) @executable_path/Frameworks @loader_path/Frameworks";
				PRODUCT_BUNDLE_IDENTIFIER = "com.chaotang-chang.ScreamingRacing-iOSTests";
				PRODUCT_NAME = "$(TARGET_NAME)";
				SWIFT_VERSION = 4.0;
				TARGETED_DEVICE_FAMILY = "1,2";
				TEST_HOST = "$(BUILT_PRODUCTS_DIR)/ScreamingRacing_iOS.app/ScreamingRacing_iOS";
			};
			name = Release;
		};
/* End XCBuildConfiguration section */

/* Begin XCConfigurationList section */
		11357B831F8357C20047FBCC /* Build configuration list for PBXProject "ScreamingRacing_iOS" */ = {
			isa = XCConfigurationList;
			buildConfigurations = (
				11357BA31F8357C20047FBCC /* Debug */,
				11357BA41F8357C20047FBCC /* Release */,
			);
			defaultConfigurationIsVisible = 0;
			defaultConfigurationName = Release;
		};
		11357BA51F8357C20047FBCC /* Build configuration list for PBXNativeTarget "ScreamingRacing_iOS" */ = {
			isa = XCConfigurationList;
			buildConfigurations = (
				11357BA61F8357C20047FBCC /* Debug */,
				11357BA71F8357C20047FBCC /* Release */,
			);
			defaultConfigurationIsVisible = 0;
			defaultConfigurationName = Release;
		};
		11357BA81F8357C20047FBCC /* Build configuration list for PBXNativeTarget "ScreamingRacing_iOSTests" */ = {
			isa = XCConfigurationList;
			buildConfigurations = (
				11357BA91F8357C20047FBCC /* Debug */,
				11357BAA1F8357C20047FBCC /* Release */,
			);
			defaultConfigurationIsVisible = 0;
			defaultConfigurationName = Release;
		};
/* End XCConfigurationList section */
	};
	rootObject = 11357B801F8357C20047FBCC /* Project object */;
}
